<?xml version="1.0" encoding="utf-8"?>
<Project ToolsVersion="4.0" xmlns="http://schemas.microsoft.com/developer/msbuild/2003">
  <ItemGroup>
    <Filter Include="Source Files">
      <UniqueIdentifier>{4FC737F1-C7A5-4376-A066-2A32D752A2FF}</UniqueIdentifier>
      <Extensions>cpp;c;cc;cxx;def;odl;idl;hpj;bat;asm;asmx</Extensions>
    </Filter>
    <Filter Include="Header Files">
      <UniqueIdentifier>{93995380-89BD-4b04-88EB-625FBE52EBFB}</UniqueIdentifier>
      <Extensions>h;hh;hpp;hxx;hm;inl;inc;xsd</Extensions>
    </Filter>
    <Filter Include="Resource Files">
      <UniqueIdentifier>{67DA6AB6-F800-4c08-8B7A-83BB121AAD01}</UniqueIdentifier>
      <Extensions>qrc;rc;ico;cur;bmp;dlg;rc2;rct;bin;rgs;gif;jpg;jpeg;jpe;resx;tiff;tif;png;wav;mfcribbon-ms</Extensions>
    </Filter>
    <Filter Include="Translation Files">
      <UniqueIdentifier>{639EADAA-A684-42e4-A9AD-28FC9BCB8F7C}</UniqueIdentifier>
      <Extensions>ts</Extensions>
    </Filter>
    <Filter Include="Sources Bibliotheques">
      <UniqueIdentifier>{68ace6f3-7624-4063-b7e8-0b2c755fbfc8}</UniqueIdentifier>
    </Filter>
    <Filter Include="Resource Files\img">
      <UniqueIdentifier>{83e985e7-548b-4a12-b68e-e511c252047f}</UniqueIdentifier>
    </Filter>
  </ItemGroup>
  <ItemGroup>
    <ClCompile Include="bibliotheque_cours\bibliotheque_cours.cpp">
      <Filter>Sources Bibliotheques</Filter>
    </ClCompile>
    <ClCompile Include="bibliotheque_cours\verification_allocation.cpp">
      <Filter>Sources Bibliotheques</Filter>
    </ClCompile>
    <ClCompile Include="googletest\src\gtest-all.cc">
      <Filter>Sources Bibliotheques</Filter>
    </ClCompile>
    <ClCompile Include="AbsPiece.cpp">
      <Filter>Source Files</Filter>
    </ClCompile>
    <ClCompile Include="King.cpp">
      <Filter>Source Files</Filter>
    </ClCompile>
    <ClCompile Include="Bishop.cpp">
      <Filter>Source Files</Filter>
    </ClCompile>
    <ClCompile Include="Rook.cpp">
      <Filter>Source Files</Filter>
    </ClCompile>
    <ClCompile Include="Chessboard.cpp">
      <Filter>Source Files</Filter>
    </ClCompile>
    <ClCompile Include="main.cpp">
      <Filter>Source Files</Filter>
    </ClCompile>
    <ClCompile Include="MainWindow.cpp">
      <Filter>Source Files</Filter>
    </ClCompile>
    <ClCompile Include="Controller.cpp">
      <Filter>Source Files</Filter>
    </ClCompile>
    <ClCompile Include="UnitTests.cpp">
      <Filter>Source Files</Filter>
    </ClCompile>
    <ClCompile Include="StartupPositions1.cpp">
      <Filter>Source Files</Filter>
    </ClCompile>
    <ClCompile Include="StartupPositions2.cpp">
      <Filter>Source Files</Filter>
    </ClCompile>
    <ClCompile Include="StartupPositions3.cpp">
      <Filter>Source Files</Filter>
    </ClCompile>
    <ClCompile Include="StartupPositions4.cpp">
      <Filter>Source Files</Filter>
    </ClCompile>
    <ClCompile Include="Tile.cpp">
      <Filter>Source Files</Filter>
    </ClCompile>
    <ClCompile Include="PositionSelectionWindow.cpp">
      <Filter>Source Files</Filter>
    </ClCompile>
  </ItemGroup>
  <ItemGroup>
    <ClInclude Include="AbsPiece.hpp">
      <Filter>Header Files</Filter>
    </ClInclude>
    <ClInclude Include="Bishop.hpp">
      <Filter>Header Files</Filter>
    </ClInclude>
    <ClInclude Include="King.hpp">
      <Filter>Header Files</Filter>
    </ClInclude>
    <ClInclude Include="Rook.hpp">
      <Filter>Header Files</Filter>
    </ClInclude>
    <ClInclude Include="main.hpp">
      <Filter>Header Files</Filter>
    </ClInclude>
    <ClInclude Include="StartupPositions.hpp">
      <Filter>Header Files</Filter>
    </ClInclude>
    <ClInclude Include="StartupPositions1.hpp">
      <Filter>Header Files</Filter>
    </ClInclude>
    <ClInclude Include="StartupPositions2.hpp">
      <Filter>Header Files</Filter>
    </ClInclude>
    <ClInclude Include="StartupPositions3.hpp">
      <Filter>Header Files</Filter>
    </ClInclude>
    <ClInclude Include="StartupPositions4.hpp">
      <Filter>Header Files</Filter>
    </ClInclude>
    <ClInclude Include="Tester.hpp">
      <Filter>Header Files</Filter>
    </ClInclude>
    <ClInclude Include="Tile.hpp">
      <Filter>Header Files</Filter>
    </ClInclude>
  </ItemGroup>
  <ItemGroup>
    <QtMoc Include="MainWindow.hpp">
      <Filter>Header Files</Filter>
    </QtMoc>
    <QtMoc Include="Controller.hpp">
      <Filter>Header Files</Filter>
    </QtMoc>
    <QtMoc Include="Chessboard.hpp">
      <Filter>Header Files</Filter>
    </QtMoc>
    <QtMoc Include="PositionSelectionWindow.hpp">
      <Filter>Header Files</Filter>
    </QtMoc>
  </ItemGroup>
  <ItemGroup>
    <Image Include="img\black.png">
      <Filter>Resource Files\img</Filter>
    </Image>
    <Image Include="img\white.png">
      <Filter>Resource Files\img</Filter>
    </Image>
  </ItemGroup>
  <ItemGroup>
    <None Include="README.md">
      <Filter>Resource Files</Filter>
    </None>
    <None Include="img\black_rook.svg">
      <Filter>Resource Files\img</Filter>
    </None>
    <None Include="img\black_queen.svg">
      <Filter>Resource Files\img</Filter>
    </None>
    <None Include="img\black_pawn.svg">
      <Filter>Resource Files\img</Filter>
    </None>
    <None Include="img\black_knight.svg">
      <Filter>Resource Files\img</Filter>
    </None>
    <None Include="img\black_king.svg">
      <Filter>Resource Files\img</Filter>
    </None>
    <None Include="img\black_bishop.svg">
      <Filter>Resource Files\img</Filter>
    </None>
    <None Include="img\white_bishop.svg">
      <Filter>Resource Files\img</Filter>
    </None>
    <None Include="img\white_king.svg">
      <Filter>Resource Files\img</Filter>
    </None>
    <None Include="img\white_knight.svg">
      <Filter>Resource Files\img</Filter>
    </None>
    <None Include="img\white_pawn.svg">
      <Filter>Resource Files\img</Filter>
    </None>
    <None Include="img\white_queen.svg">
      <Filter>Resource Files\img</Filter>
    </None>
    <None Include="img\white_rook.svg">
      <Filter>Resource Files\img</Filter>
    </None>
  </ItemGroup>
</Project>